// !$*UTF8*$!
{
	archiveVersion = 1;
	classes = {
	};
	objectVersion = 46;
	objects = {

/* Begin PBXBuildFile section */
		94A094B11E1B666400AE65B1 /* RYAppDelegate.swift in Sources */ = {isa = PBXBuildFile; fileRef = 94A094B01E1B666400AE65B1 /* RYAppDelegate.swift */; };
		94A094B31E1B666400AE65B1 /* RYViewController.swift in Sources */ = {isa = PBXBuildFile; fileRef = 94A094B21E1B666400AE65B1 /* RYViewController.swift */; };
		94A094B61E1B666400AE65B1 /* RYMain.storyboard in Resources */ = {isa = PBXBuildFile; fileRef = 94A094B41E1B666400AE65B1 /* RYMain.storyboard */; };
		94A094B81E1B666400AE65B1 /* Assets.xcassets in Resources */ = {isa = PBXBuildFile; fileRef = 94A094B71E1B666400AE65B1 /* Assets.xcassets */; };
		94A094BB1E1B666400AE65B1 /* RYLaunchScreen.storyboard in Resources */ = {isa = PBXBuildFile; fileRef = 94A094B91E1B666400AE65B1 /* RYLaunchScreen.storyboard */; };
		94A094C91E1B66D400AE65B1 /* RYDatePickerView.swift in Sources */ = {isa = PBXBuildFile; fileRef = 94A094C41E1B66D400AE65B1 /* RYDatePickerView.swift */; };
		94A094CA1E1B66D400AE65B1 /* RYDatePickerView.xib in Resources */ = {isa = PBXBuildFile; fileRef = 94A094C51E1B66D400AE65B1 /* RYDatePickerView.xib */; };
		94A094CB1E1B66D400AE65B1 /* RYPickerView.xcassets in Resources */ = {isa = PBXBuildFile; fileRef = 94A094C61E1B66D400AE65B1 /* RYPickerView.xcassets */; };
		94A094CC1E1B66D400AE65B1 /* RYTextPickerView.swift in Sources */ = {isa = PBXBuildFile; fileRef = 94A094C71E1B66D400AE65B1 /* RYTextPickerView.swift */; };
		94A094CD1E1B66D400AE65B1 /* RYTextPickerView.xib in Resources */ = {isa = PBXBuildFile; fileRef = 94A094C81E1B66D400AE65B1 /* RYTextPickerView.xib */; };
/* End PBXBuildFile section */

/* Begin PBXFileReference section */
		94A094AD1E1B666400AE65B1 /* RYComponent.app */ = {isa = PBXFileReference; explicitFileType = wrapper.application; includeInIndex = 0; path = RYComponent.app; sourceTree = BUILT_PRODUCTS_DIR; };
		94A094B01E1B666400AE65B1 /* RYAppDelegate.swift */ = {isa = PBXFileReference; lastKnownFileType = sourcecode.swift; path = RYAppDelegate.swift; sourceTree = "<group>"; };
		94A094B21E1B666400AE65B1 /* RYViewController.swift */ = {isa = PBXFileReference; lastKnownFileType = sourcecode.swift; path = RYViewController.swift; sourceTree = "<group>"; };
		94A094B51E1B666400AE65B1 /* Base */ = {isa = PBXFileReference; lastKnownFileType = file.storyboard; name = Base; path = Base.lproj/RYMain.storyboard; sourceTree = "<group>"; };
		94A094B71E1B666400AE65B1 /* Assets.xcassets */ = {isa = PBXFileReference; lastKnownFileType = folder.assetcatalog; path = Assets.xcassets; sourceTree = "<group>"; };
		94A094BA1E1B666400AE65B1 /* Base */ = {isa = PBXFileReference; lastKnownFileType = file.storyboard; name = Base; path = Base.lproj/RYLaunchScreen.storyboard; sourceTree = "<group>"; };
		94A094BC1E1B666400AE65B1 /* Info.plist */ = {isa = PBXFileReference; lastKnownFileType = text.plist.xml; path = Info.plist; sourceTree = "<group>"; };
		94A094C41E1B66D400AE65B1 /* RYDatePickerView.swift */ = {isa = PBXFileReference; fileEncoding = 4; lastKnownFileType = sourcecode.swift; path = RYDatePickerView.swift; sourceTree = "<group>"; };
		94A094C51E1B66D400AE65B1 /* RYDatePickerView.xib */ = {isa = PBXFileReference; fileEncoding = 4; lastKnownFileType = file.xib; path = RYDatePickerView.xib; sourceTree = "<group>"; };
		94A094C61E1B66D400AE65B1 /* RYPickerView.xcassets */ = {isa = PBXFileReference; lastKnownFileType = folder.assetcatalog; path = RYPickerView.xcassets; sourceTree = "<group>"; };
		94A094C71E1B66D400AE65B1 /* RYTextPickerView.swift */ = {isa = PBXFileReference; fileEncoding = 4; lastKnownFileType = sourcecode.swift; path = RYTextPickerView.swift; sourceTree = "<group>"; };
		94A094C81E1B66D400AE65B1 /* RYTextPickerView.xib */ = {isa = PBXFileReference; fileEncoding = 4; lastKnownFileType = file.xib; path = RYTextPickerView.xib; sourceTree = "<group>"; };
/* End PBXFileReference section */

/* Begin PBXFrameworksBuildPhase section */
		94A094AA1E1B666400AE65B1 /* Frameworks */ = {
			isa = PBXFrameworksBuildPhase;
			buildActionMask = 2147483647;
			files = (
			);
			runOnlyForDeploymentPostprocessing = 0;
		};
/* End PBXFrameworksBuildPhase section */

/* Begin PBXGroup section */
		94A094A41E1B666400AE65B1 = {
			isa = PBXGroup;
			children = (
				94A094AF1E1B666400AE65B1 /* RYComponent */,
				94A094AE1E1B666400AE65B1 /* Products */,
			);
			sourceTree = "<group>";
		};
		94A094AE1E1B666400AE65B1 /* Products */ = {
			isa = PBXGroup;
			children = (
				94A094AD1E1B666400AE65B1 /* RYComponent.app */,
			);
			name = Products;
			sourceTree = "<group>";
		};
		94A094AF1E1B666400AE65B1 /* RYComponent */ = {
			isa = PBXGroup;
			children = (
				94A094B01E1B666400AE65B1 /* RYAppDelegate.swift */,
				94A094B21E1B666400AE65B1 /* RYViewController.swift */,
				94A094B41E1B666400AE65B1 /* RYMain.storyboard */,
				94A094B71E1B666400AE65B1 /* Assets.xcassets */,
				94A094B91E1B666400AE65B1 /* RYLaunchScreen.storyboard */,
				94A094C21E1B66D400AE65B1 /* RYMainViews */,
				94A094BC1E1B666400AE65B1 /* Info.plist */,
			);
			path = RYComponent;
			sourceTree = "<group>";
		};
		94A094C21E1B66D400AE65B1 /* RYMainViews */ = {
			isa = PBXGroup;
			children = (
				94A094C31E1B66D400AE65B1 /* RYPickerView */,
			);
			path = RYMainViews;
			sourceTree = "<group>";
		};
		94A094C31E1B66D400AE65B1 /* RYPickerView */ = {
			isa = PBXGroup;
			children = (
				94A094C41E1B66D400AE65B1 /* RYDatePickerView.swift */,
				94A094C51E1B66D400AE65B1 /* RYDatePickerView.xib */,
				94A094C61E1B66D400AE65B1 /* RYPickerView.xcassets */,
				94A094C71E1B66D400AE65B1 /* RYTextPickerView.swift */,
				94A094C81E1B66D400AE65B1 /* RYTextPickerView.xib */,
			);
			path = RYPickerView;
			sourceTree = "<group>";
		};
/* End PBXGroup section */

/* Begin PBXNativeTarget section */
		94A094AC1E1B666400AE65B1 /* RYComponent */ = {
			isa = PBXNativeTarget;
			buildConfigurationList = 94A094BF1E1B666400AE65B1 /* Build configuration list for PBXNativeTarget "RYComponent" */;
			buildPhases = (
				94A094A91E1B666400AE65B1 /* Sources */,
				94A094AA1E1B666400AE65B1 /* Frameworks */,
				94A094AB1E1B666400AE65B1 /* Resources */,
			);
			buildRules = (
			);
			dependencies = (
			);
			name = RYComponent;
			productName = RYComponent;
			productReference = 94A094AD1E1B666400AE65B1 /* RYComponent.app */;
			productType = "com.apple.product-type.application";
		};
/* End PBXNativeTarget section */

/* Begin PBXProject section */
		94A094A51E1B666400AE65B1 /* Project object */ = {
			isa = PBXProject;
			attributes = {
				LastSwiftUpdateCheck = 0820;
				LastUpgradeCheck = 0820;
				ORGANIZATIONNAME = "Siemens CT";
				TargetAttributes = {
					94A094AC1E1B666400AE65B1 = {
						CreatedOnToolsVersion = 8.2.1;
						ProvisioningStyle = Automatic;
					};
				};
			};
			buildConfigurationList = 94A094A81E1B666400AE65B1 /* Build configuration list for PBXProject "RYComponent" */;
			compatibilityVersion = "Xcode 3.2";
			developmentRegion = English;
			hasScannedForEncodings = 0;
			knownRegions = (
				en,
				Base,
			);
			mainGroup = 94A094A41E1B666400AE65B1;
			productRefGroup = 94A094AE1E1B666400AE65B1 /* Products */;
			projectDirPath = "";
			projectRoot = "";
			targets = (
				94A094AC1E1B666400AE65B1 /* RYComponent */,
			);
		};
/* End PBXProject section */

/* Begin PBXResourcesBuildPhase section */
		94A094AB1E1B666400AE65B1 /* Resources */ = {
			isa = PBXResourcesBuildPhase;
			buildActionMask = 2147483647;
			files = (
				94A094CB1E1B66D400AE65B1 /* RYPickerView.xcassets in Resources */,
				94A094BB1E1B666400AE65B1 /* RYLaunchScreen.storyboard in Resources */,
				94A094CD1E1B66D400AE65B1 /* RYTextPickerView.xib in Resources */,
				94A094B81E1B666400AE65B1 /* Assets.xcassets in Resources */,
				94A094B61E1B666400AE65B1 /* RYMain.storyboard in Resources */,
				94A094CA1E1B66D400AE65B1 /* RYDatePickerView.xib in Resources */,
			);
			runOnlyForDeploymentPostprocessing = 0;
		};
/* End PBXResourcesBuildPhase section */

/* Begin PBXSourcesBuildPhase section */
		94A094A91E1B666400AE65B1 /* Sources */ = {
			isa = PBXSourcesBuildPhase;
			buildActionMask = 2147483647;
			files = (
				94A094B31E1B666400AE65B1 /* RYViewController.swift in Sources */,
				94A094B11E1B666400AE65B1 /* RYAppDelegate.swift in Sources */,
				94A094CC1E1B66D400AE65B1 /* RYTextPickerView.swift in Sources */,
				94A094C91E1B66D400AE65B1 /* RYDatePickerView.swift in Sources */,
			);
			runOnlyForDeploymentPostprocessing = 0;
		};
/* End PBXSourcesBuildPhase section */

/* Begin PBXVariantGroup section */
		94A094B41E1B666400AE65B1 /* RYMain.storyboard */ = {
			isa = PBXVariantGroup;
			children = (
				94A094B51E1B666400AE65B1 /* Base */,
			);
			name = RYMain.storyboard;
			sourceTree = "<group>";
		};
		94A094B91E1B666400AE65B1 /* RYLaunchScreen.storyboard */ = {
			isa = PBXVariantGroup;
			children = (
				94A094BA1E1B666400AE65B1 /* Base */,
			);
			name = RYLaunchScreen.storyboard;
			sourceTree = "<group>";
		};
/* End PBXVariantGroup section */

/* Begin XCBuildConfiguration section */
		94A094BD1E1B666400AE65B1 /* Debug */ = {
			isa = XCBuildConfiguration;
			buildSettings = {
				ALWAYS_SEARCH_USER_PATHS = NO;
				CLANG_ANALYZER_NONNULL = YES;
				CLANG_CXX_LANGUAGE_STANDARD = "gnu++0x";
				CLANG_CXX_LIBRARY = "libc++";
				CLANG_ENABLE_MODULES = YES;
				CLANG_ENABLE_OBJC_ARC = YES;
				CLANG_WARN_BOOL_CONVERSION = YES;
				CLANG_WARN_CONSTANT_CONVERSION = YES;
				CLANG_WARN_DIRECT_OBJC_ISA_USAGE = YES_ERROR;
				CLANG_WARN_DOCUMENTATION_COMMENTS = YES;
				CLANG_WARN_EMPTY_BODY = YES;
				CLANG_WARN_ENUM_CONVERSION = YES;
				CLANG_WARN_INFINITE_RECURSION = YES;
				CLANG_WARN_INT_CONVERSION = YES;
				CLANG_WARN_OBJC_ROOT_CLASS = YES_ERROR;
				CLANG_WARN_SUSPICIOUS_MOVE = YES;
				CLANG_WARN_UNREACHABLE_CODE = YES;
				CLANG_WARN__DUPLICATE_METHOD_MATCH = YES;
				"CODE_SIGN_IDENTITY[sdk=iphoneos*]" = "iPhone Developer";
				COPY_PHASE_STRIP = NO;
				DEBUG_INFORMATION_FORMAT = dwarf;
				ENABLE_STRICT_OBJC_MSGSEND = YES;
				ENABLE_TESTABILITY = YES;
				GCC_C_LANGUAGE_STANDARD = gnu99;
				GCC_DYNAMIC_NO_PIC = NO;
				GCC_NO_COMMON_BLOCKS = YES;
				GCC_OPTIMIZATION_LEVEL = 0;
				GCC_PREPROCESSOR_DEFINITIONS = (
					"DEBUG=1",
					"$(inherited)",
				);
				GCC_WARN_64_TO_32_BIT_CONVERSION = YES;
				GCC_WARN_ABOUT_RETURN_TYPE = YES_ERROR;
				GCC_WARN_UNDECLARED_SELECTOR = YES;
				GCC_WARN_UNINITIALIZED_AUTOS = YES_AGGRESSIVE;
				GCC_WARN_UNUSED_FUNCTION = YES;
				GCC_WARN_UNUSED_VARIABLE = YES;
				IPHONEOS_DEPLOYMENT_TARGET = 10.2;
				MTL_ENABLE_DEBUG_INFO = YES;
				ONLY_ACTIVE_ARCH = YES;
				SDKROOT = iphoneos;
				SWIFT_ACTIVE_COMPILATION_CONDITIONS = DEBUG;
				SWIFT_OPTIMIZATION_LEVEL = "-Onone";
			};
			name = Debug;
		};
		94A094BE1E1B666400AE65B1 /* Release */ = {
			isa = XCBuildConfiguration;
			buildSettings = {
				ALWAYS_SEARCH_USER_PATHS = NO;
				CLANG_ANALYZER_NONNULL = YES;
				CLANG_CXX_LANGUAGE_STANDARD = "gnu++0x";
				CLANG_CXX_LIBRARY = "libc++";
				CLANG_ENABLE_MODULES = YES;
				CLANG_ENABLE_OBJC_ARC = YES;
				CLANG_WARN_BOOL_CONVERSION = YES;
				CLANG_WARN_CONSTANT_CONVERSION = YES;
				CLANG_WARN_DIRECT_OBJC_ISA_USAGE = YES_ERROR;
				CLANG_WARN_DOCUMENTATION_COMMENTS = YES;
				CLANG_WARN_EMPTY_BODY = YES;
				CLANG_WARN_ENUM_CONVERSION = YES;
				CLANG_WARN_INFINITE_RECURSION = YES;
				CLANG_WARN_INT_CONVERSION = YES;
				CLANG_WARN_OBJC_ROOT_CLASS = YES_ERROR;
				CLANG_WARN_SUSPICIOUS_MOVE = YES;
				CLANG_WARN_UNREACHABLE_CODE = YES;
				CLANG_WARN__DUPLICATE_METHOD_MATCH = YES;
				"CODE_SIGN_IDENTITY[sdk=iphoneos*]" = "iPhone Developer";
				COPY_PHASE_STRIP = NO;
				DEBUG_INFORMATION_FORMAT = "dwarf-with-dsym";
				ENABLE_NS_ASSERTIONS = NO;
				ENABLE_STRICT_OBJC_MSGSEND = YES;
				GCC_C_LANGUAGE_STANDARD = gnu99;
				GCC_NO_COMMON_BLOCKS = YES;
				GCC_WARN_64_TO_32_BIT_CONVERSION = YES;
				GCC_WARN_ABOUT_RETURN_TYPE = YES_ERROR;
				GCC_WARN_UNDECLARED_SELECTOR = YES;
				GCC_WARN_UNINITIALIZED_AUTOS = YES_AGGRESSIVE;
				GCC_WARN_UNUSED_FUNCTION = YES;
				GCC_WARN_UNUSED_VARIABLE = YES;
				IPHONEOS_DEPLOYMENT_TARGET = 10.2;
				MTL_ENABLE_DEBUG_INFO = NO;
				SDKROOT = iphoneos;
				SWIFT_OPTIMIZATION_LEVEL = "-Owholemodule";
				VALIDATE_PRODUCT = YES;
			};
			name = Release;
		};
		94A094C01E1B666400AE65B1 /* Debug */ = {
			isa = XCBuildConfiguration;
			buildSettings = {
				ASSETCATALOG_COMPILER_APPICON_NAME = AppIcon;
				INFOPLIST_FILE = RYComponent/Info.plist;
				LD_RUNPATH_SEARCH_PATHS = "$(inherited) @executable_path/Frameworks";
				PRODUCT_BUNDLE_IDENTIFIER = com.siemens.ryan.RYComponent;
				PRODUCT_NAME = "$(TARGET_NAME)";
				SWIFT_VERSION = 3.0;
			};
			name = Debug;
		};
		94A094C11E1B666400AE65B1 /* Release */ = {
			isa = XCBuildConfiguration;
			buildSettings = {
				ASSETCATALOG_COMPILER_APPICON_NAME = AppIcon;
				INFOPLIST_FILE = RYComponent/Info.plist;
				LD_RUNPATH_SEARCH_PATHS = "$(inherited) @executable_path/Frameworks";
				PRODUCT_BUNDLE_IDENTIFIER = com.siemens.ryan.RYComponent;
				PRODUCT_NAME = "$(TARGET_NAME)";
				SWIFT_VERSION = 3.0;
			};
			name = Release;
		};
/* End XCBuildConfiguration section */

/* Begin XCConfigurationList section */
		94A094A81E1B666400AE65B1 /* Build configuration list for PBXProject "RYComponent" */ = {
			isa = XCConfigurationList;
			buildConfigurations = (
				94A094BD1E1B666400AE65B1 /* Debug */,
				94A094BE1E1B666400AE65B1 /* Release */,
			);
			defaultConfigurationIsVisible = 0;
			defaultConfigurationName = Release;
		};
		94A094BF1E1B666400AE65B1 /* Build configuration list for PBXNativeTarget "RYComponent" */ = {
			isa = XCConfigurationList;
			buildConfigurations = (
				94A094C01E1B666400AE65B1 /* Debug */,
				94A094C11E1B666400AE65B1 /* Release */,
			);
			defaultConfigurationIsVisible = 0;
		};
/* End XCConfigurationList section */
	};
	rootObject = 94A094A51E1B666400AE65B1 /* Project object */;
}
